
Microsoft Visual Studio Solution File, Format Version 12.00
# Visual Studio 15
VisualStudioVersion = 15.0.28307.1622
MinimumVisualStudioVersion = 10.0.40219.1
Project("{F184B08F-C81C-45F6-A57F-5ABD9991F28F}") = "SwetmanFinalProjectYahtzee", "SwetmanFinalProjectYahtzee\SwetmanFinalProjectYahtzee.vbproj", "{AA18C5A9-B600-469F-BD56-EF113D1F2158}"
EndProject
Global
	GlobalSection(SolutionConfigurationPlatforms) = preSolution
		Debug|Any CPU = Debug|Any CPU
		Release|Any CPU = Release|Any CPU
	EndGlobalSection
	GlobalSection(ProjectConfigurationPlatforms) = postSolution
		{AA18C5A9-B600-469F-BD56-EF113D1F2158}.Debug|Any CPU.ActiveCfg = Debug|Any CPU
		{AA18C5A9-B600-469F-BD56-EF113D1F2158}.Debug|Any CPU.Build.0 = Debug|Any CPU
		{AA18C5A9-B600-469F-BD56-EF113D1F2158}.Release|Any CPU.ActiveCfg = Release|Any CPU
		{AA18C5A9-B600-469F-BD56-EF113D1F2158}.Release|Any CPU.Build.0 = Release|Any CPU
	EndGlobalSection
	GlobalSection(SolutionProperties) = preSolution
		HideSolutionNode = FALSE
	EndGlobalSection
	GlobalSection(ExtensibilityGlobals) = postSolution
		SolutionGuid = {EC66F8AC-4841-4100-B3CD-7CFAD124E9FC}
	EndGlobalSection
EndGlobal
